
Microsoft Visual Studio Solution File, Format Version 12.00
# Visual Studio Version 17
VisualStudioVersion = 17.13.35825.156
MinimumVisualStudioVersion = 10.0.40219.1
Project("{FAE04EC0-301F-11D3-BF4B-00C04F79EFBC}") = "TC", "TC.csproj", "{7A7D4172-A858-4518-BE4F-E64DCCBB1980}"
EndProject
Project("{FAE04EC0-301F-11D3-BF4B-00C04F79EFBC}") = "TC_Bussines", "TC_Bussines\TC_Bussines.csproj", "{5F9E42CA-E763-4A3C-9CEB-178C26413730}"
EndProject
Project("{FAE04EC0-301F-11D3-BF4B-00C04F79EFBC}") = "TC_DataAccess", "TC_DataAccess\TC_DataAccess.csproj", "{1E6D73D3-ACAE-4DBB-A0BC-19B9A3CAE1E6}"
EndProject
Global
	GlobalSection(SolutionConfigurationPlatforms) = preSolution
		Debug|Any CPU = Debug|Any CPU
		Release|Any CPU = Release|Any CPU
	EndGlobalSection
	GlobalSection(ProjectConfigurationPlatforms) = postSolution
		{7A7D4172-A858-4518-BE4F-E64DCCBB1980}.Debug|Any CPU.ActiveCfg = Debug|Any CPU
		{7A7D4172-A858-4518-BE4F-E64DCCBB1980}.Debug|Any CPU.Build.0 = Debug|Any CPU
		{7A7D4172-A858-4518-BE4F-E64DCCBB1980}.Release|Any CPU.ActiveCfg = Release|Any CPU
		{7A7D4172-A858-4518-BE4F-E64DCCBB1980}.Release|Any CPU.Build.0 = Release|Any CPU
		{5F9E42CA-E763-4A3C-9CEB-178C26413730}.Debug|Any CPU.ActiveCfg = Debug|Any CPU
		{5F9E42CA-E763-4A3C-9CEB-178C26413730}.Debug|Any CPU.Build.0 = Debug|Any CPU
		{5F9E42CA-E763-4A3C-9CEB-178C26413730}.Release|Any CPU.ActiveCfg = Release|Any CPU
		{5F9E42CA-E763-4A3C-9CEB-178C26413730}.Release|Any CPU.Build.0 = Release|Any CPU
		{1E6D73D3-ACAE-4DBB-A0BC-19B9A3CAE1E6}.Debug|Any CPU.ActiveCfg = Debug|Any CPU
		{1E6D73D3-ACAE-4DBB-A0BC-19B9A3CAE1E6}.Debug|Any CPU.Build.0 = Debug|Any CPU
		{1E6D73D3-ACAE-4DBB-A0BC-19B9A3CAE1E6}.Release|Any CPU.ActiveCfg = Release|Any CPU
		{1E6D73D3-ACAE-4DBB-A0BC-19B9A3CAE1E6}.Release|Any CPU.Build.0 = Release|Any CPU
	EndGlobalSection
	GlobalSection(SolutionProperties) = preSolution
		HideSolutionNode = FALSE
	EndGlobalSection
	GlobalSection(ExtensibilityGlobals) = postSolution
		SolutionGuid = {FCFD0586-F2DE-461B-9EA8-D717C1690D2E}
	EndGlobalSection
EndGlobal
